
Microsoft Visual Studio Solution File, Format Version 12.00
# Visual Studio 14
VisualStudioVersion = 14.0.25420.1
MinimumVisualStudioVersion = 10.0.40219.1
Project("{FAE04EC0-301F-11D3-BF4B-00C04F79EFBC}") = "VidlyApp", "VidlyApp\VidlyApp.csproj", "{52684E38-FB22-4E0F-B19F-F6018CCA38C9}"
EndProject
Global
	GlobalSection(SolutionConfigurationPlatforms) = preSolution
		Debug|Any CPU = Debug|Any CPU
		Release|Any CPU = Release|Any CPU
	EndGlobalSection
	GlobalSection(ProjectConfigurationPlatforms) = postSolution
		{52684E38-FB22-4E0F-B19F-F6018CCA38C9}.Debug|Any CPU.ActiveCfg = Debug|Any CPU
		{52684E38-FB22-4E0F-B19F-F6018CCA38C9}.Debug|Any CPU.Build.0 = Debug|Any CPU
		{52684E38-FB22-4E0F-B19F-F6018CCA38C9}.Release|Any CPU.ActiveCfg = Release|Any CPU
		{52684E38-FB22-4E0F-B19F-F6018CCA38C9}.Release|Any CPU.Build.0 = Release|Any CPU
	EndGlobalSection
	GlobalSection(SolutionProperties) = preSolution
		HideSolutionNode = FALSE
	EndGlobalSection
EndGlobal
